
Microsoft Visual Studio Solution File, Format Version 12.00
# Visual Studio Version 16
VisualStudioVersion = 16.0.31424.327
MinimumVisualStudioVersion = 10.0.40219.1
Project("{FAE04EC0-301F-11D3-BF4B-00C04F79EFBC}") = "AdventureWorks.Upload", "AdventureWorks.Upload.csproj", "{2619BF30-EF1B-4920-A7D3-B385EA866533}"
EndProject
Global
	GlobalSection(SolutionConfigurationPlatforms) = preSolution
		Debug|Any CPU = Debug|Any CPU
		Release|Any CPU = Release|Any CPU
	EndGlobalSection
	GlobalSection(ProjectConfigurationPlatforms) = postSolution
		{2619BF30-EF1B-4920-A7D3-B385EA866533}.Debug|Any CPU.ActiveCfg = Debug|Any CPU
		{2619BF30-EF1B-4920-A7D3-B385EA866533}.Debug|Any CPU.Build.0 = Debug|Any CPU
		{2619BF30-EF1B-4920-A7D3-B385EA866533}.Release|Any CPU.ActiveCfg = Release|Any CPU
		{2619BF30-EF1B-4920-A7D3-B385EA866533}.Release|Any CPU.Build.0 = Release|Any CPU
	EndGlobalSection
	GlobalSection(SolutionProperties) = preSolution
		HideSolutionNode = FALSE
	EndGlobalSection
	GlobalSection(ExtensibilityGlobals) = postSolution
		SolutionGuid = {B77F7E1D-3FBF-41E5-B35A-6ED1BC5CCD8C}
	EndGlobalSection
EndGlobal
