
Microsoft Visual Studio Solution File, Format Version 12.00
# Visual Studio Version 16
VisualStudioVersion = 16.0.29123.89
MinimumVisualStudioVersion = 10.0.40219.1
Project("{9A19103F-16F7-4668-BE54-9A1E7A4F7556}") = "AdventureWorks.Models", "AdventureWorks.Models\AdventureWorks.Models.csproj", "{9EDD101F-0CC0-4C42-A3F6-23D3DED7D2D3}"
EndProject
Project("{9A19103F-16F7-4668-BE54-9A1E7A4F7556}") = "AdventureWorks.Context", "AdventureWorks.Context\AdventureWorks.Context.csproj", "{54A6096F-BCC2-49F0-A5A2-4906807B89D3}"
EndProject
Project("{9A19103F-16F7-4668-BE54-9A1E7A4F7556}") = "AdventureWorks.Web", "AdventureWorks.Web\AdventureWorks.Web.csproj", "{970A88DB-7EE0-45F7-BBE0-33AD50B19FFB}"
EndProject
Global
	GlobalSection(SolutionConfigurationPlatforms) = preSolution
		Debug|Any CPU = Debug|Any CPU
		Release|Any CPU = Release|Any CPU
	EndGlobalSection
	GlobalSection(ProjectConfigurationPlatforms) = postSolution
		{9EDD101F-0CC0-4C42-A3F6-23D3DED7D2D3}.Debug|Any CPU.ActiveCfg = Debug|Any CPU
		{9EDD101F-0CC0-4C42-A3F6-23D3DED7D2D3}.Debug|Any CPU.Build.0 = Debug|Any CPU
		{9EDD101F-0CC0-4C42-A3F6-23D3DED7D2D3}.Release|Any CPU.ActiveCfg = Release|Any CPU
		{9EDD101F-0CC0-4C42-A3F6-23D3DED7D2D3}.Release|Any CPU.Build.0 = Release|Any CPU
		{54A6096F-BCC2-49F0-A5A2-4906807B89D3}.Debug|Any CPU.ActiveCfg = Debug|Any CPU
		{54A6096F-BCC2-49F0-A5A2-4906807B89D3}.Debug|Any CPU.Build.0 = Debug|Any CPU
		{54A6096F-BCC2-49F0-A5A2-4906807B89D3}.Release|Any CPU.ActiveCfg = Release|Any CPU
		{54A6096F-BCC2-49F0-A5A2-4906807B89D3}.Release|Any CPU.Build.0 = Release|Any CPU
		{970A88DB-7EE0-45F7-BBE0-33AD50B19FFB}.Debug|Any CPU.ActiveCfg = Debug|Any CPU
		{970A88DB-7EE0-45F7-BBE0-33AD50B19FFB}.Debug|Any CPU.Build.0 = Debug|Any CPU
		{970A88DB-7EE0-45F7-BBE0-33AD50B19FFB}.Release|Any CPU.ActiveCfg = Release|Any CPU
		{970A88DB-7EE0-45F7-BBE0-33AD50B19FFB}.Release|Any CPU.Build.0 = Release|Any CPU
	EndGlobalSection
	GlobalSection(SolutionProperties) = preSolution
		HideSolutionNode = FALSE
	EndGlobalSection
	GlobalSection(ExtensibilityGlobals) = postSolution
		SolutionGuid = {7713E921-3692-465D-AAE0-74D077F13491}
	EndGlobalSection
EndGlobal
