
Microsoft Visual Studio Solution File, Format Version 12.00
# Visual Studio Version 17
VisualStudioVersion = 17.5.002.0
MinimumVisualStudioVersion = 10.0.40219.1
Project("{9A19103F-16F7-4668-BE54-9A1E7A4F7556}") = "Api", "Api.csproj", "{05767BB4-C22D-4F7A-BD47-B6C7D347F4BC}"
EndProject
Global
	GlobalSection(SolutionConfigurationPlatforms) = preSolution
		Debug|Any CPU = Debug|Any CPU
		Release|Any CPU = Release|Any CPU
	EndGlobalSection
	GlobalSection(ProjectConfigurationPlatforms) = postSolution
		{05767BB4-C22D-4F7A-BD47-B6C7D347F4BC}.Debug|Any CPU.ActiveCfg = Debug|Any CPU
		{05767BB4-C22D-4F7A-BD47-B6C7D347F4BC}.Debug|Any CPU.Build.0 = Debug|Any CPU
		{05767BB4-C22D-4F7A-BD47-B6C7D347F4BC}.Release|Any CPU.ActiveCfg = Release|Any CPU
		{05767BB4-C22D-4F7A-BD47-B6C7D347F4BC}.Release|Any CPU.Build.0 = Release|Any CPU
	EndGlobalSection
	GlobalSection(SolutionProperties) = preSolution
		HideSolutionNode = FALSE
	EndGlobalSection
	GlobalSection(ExtensibilityGlobals) = postSolution
		SolutionGuid = {BAFEAA17-5F2E-452B-84F3-7555D3567EED}
	EndGlobalSection
EndGlobal
